// !$*UTF8*$!
{
	archiveVersion = 1;
	classes = {
	};
	objectVersion = 46;
	objects = {

/* Begin PBXBuildFile section */
		01B10D99E4ABC3AB77A4FC1D /* Pods_Operations_AccessTests.framework in Frameworks */ = {isa = PBXBuildFile; fileRef = 054061BE1CCBE81424351C93 /* Pods_Operations_AccessTests.framework */; };
		163437F31D99BC7E005C133F /* AppDelegate.swift in Sources */ = {isa = PBXBuildFile; fileRef = 163437F21D99BC7E005C133F /* AppDelegate.swift */; };
		163437F51D99BC7E005C133F /* ViewController.swift in Sources */ = {isa = PBXBuildFile; fileRef = 163437F41D99BC7E005C133F /* ViewController.swift */; };
		163437F81D99BC7E005C133F /* Main.storyboard in Resources */ = {isa = PBXBuildFile; fileRef = 163437F61D99BC7E005C133F /* Main.storyboard */; };
		163437FD1D99BC7E005C133F /* LaunchScreen.storyboard in Resources */ = {isa = PBXBuildFile; fileRef = 163437FB1D99BC7E005C133F /* LaunchScreen.storyboard */; };
		163438081D99BC7E005C133F /* Operations_AccessTests.swift in Sources */ = {isa = PBXBuildFile; fileRef = 163438071D99BC7E005C133F /* Operations_AccessTests.swift */; };
		163438131D99BC7E005C133F /* Operations_AccessUITests.swift in Sources */ = {isa = PBXBuildFile; fileRef = 163438121D99BC7E005C133F /* Operations_AccessUITests.swift */; };
		163438181D99BC7E005C133F /* Operations Access WatchKit App.app in Embed Watch Content */ = {isa = PBXBuildFile; fileRef = 163438171D99BC7E005C133F /* Operations Access WatchKit App.app */; };
		1634381E1D99BC7E005C133F /* Interface.storyboard in Resources */ = {isa = PBXBuildFile; fileRef = 1634381C1D99BC7E005C133F /* Interface.storyboard */; };
		163438201D99BC7E005C133F /* Assets.xcassets in Resources */ = {isa = PBXBuildFile; fileRef = 1634381F1D99BC7E005C133F /* Assets.xcassets */; };
		163438271D99BC7E005C133F /* Operations Access WatchKit Extension.appex in Embed App Extensions */ = {isa = PBXBuildFile; fileRef = 163438261D99BC7E005C133F /* Operations Access WatchKit Extension.appex */; settings = {ATTRIBUTES = (RemoveHeadersOnCopy, ); }; };
		1634382E1D99BC7E005C133F /* InterfaceController.swift in Sources */ = {isa = PBXBuildFile; fileRef = 1634382D1D99BC7E005C133F /* InterfaceController.swift */; };
		163438301D99BC7E005C133F /* ExtensionDelegate.swift in Sources */ = {isa = PBXBuildFile; fileRef = 1634382F1D99BC7E005C133F /* ExtensionDelegate.swift */; };
		163438321D99BC7E005C133F /* NotificationController.swift in Sources */ = {isa = PBXBuildFile; fileRef = 163438311D99BC7E005C133F /* NotificationController.swift */; };
		163438341D99BC7E005C133F /* Assets.xcassets in Resources */ = {isa = PBXBuildFile; fileRef = 163438331D99BC7E005C133F /* Assets.xcassets */; };
		163438521D99BE57005C133F /* JeffPhoto.jpg in Resources */ = {isa = PBXBuildFile; fileRef = 163438511D99BE57005C133F /* JeffPhoto.jpg */; };
		163438541D99BE93005C133F /* Assets.xcassets in Resources */ = {isa = PBXBuildFile; fileRef = 163438531D99BE93005C133F /* Assets.xcassets */; };
		243BE155368E4E5DA9FA041C /* Pods_Operations_Access_WatchKit_App.framework in Frameworks */ = {isa = PBXBuildFile; fileRef = CD677A2E371F19BD7FD179E4 /* Pods_Operations_Access_WatchKit_App.framework */; };
		5EA8DE776599911A5E6147B6 /* Pods_Operations_Access_WatchKit_Extension.framework in Frameworks */ = {isa = PBXBuildFile; fileRef = 59BA8268DF9708F43785948D /* Pods_Operations_Access_WatchKit_Extension.framework */; };
		823F3CBA2657B5049356C711 /* Pods_Operations_AccessUITests.framework in Frameworks */ = {isa = PBXBuildFile; fileRef = F46B74F378202B0185B0FA40 /* Pods_Operations_AccessUITests.framework */; };
		FE918C68386617B8C63ADBDE /* Pods_Operations_Access.framework in Frameworks */ = {isa = PBXBuildFile; fileRef = E008EADD4CAFA8795C434C2C /* Pods_Operations_Access.framework */; };
/* End PBXBuildFile section */

/* Begin PBXContainerItemProxy section */
		163438041D99BC7E005C133F /* PBXContainerItemProxy */ = {
			isa = PBXContainerItemProxy;
			containerPortal = 163437E71D99BC7E005C133F /* Project object */;
			proxyType = 1;
			remoteGlobalIDString = 163437EE1D99BC7E005C133F;
			remoteInfo = "Operations Access";
		};
		1634380F1D99BC7E005C133F /* PBXContainerItemProxy */ = {
			isa = PBXContainerItemProxy;
			containerPortal = 163437E71D99BC7E005C133F /* Project object */;
			proxyType = 1;
			remoteGlobalIDString = 163437EE1D99BC7E005C133F;
			remoteInfo = "Operations Access";
		};
		163438191D99BC7E005C133F /* PBXContainerItemProxy */ = {
			isa = PBXContainerItemProxy;
			containerPortal = 163437E71D99BC7E005C133F /* Project object */;
			proxyType = 1;
			remoteGlobalIDString = 163438161D99BC7E005C133F;
			remoteInfo = "Operations Access WatchKit App";
		};
		163438281D99BC7E005C133F /* PBXContainerItemProxy */ = {
			isa = PBXContainerItemProxy;
			containerPortal = 163437E71D99BC7E005C133F /* Project object */;
			proxyType = 1;
			remoteGlobalIDString = 163438251D99BC7E005C133F;
			remoteInfo = "Operations Access WatchKit Extension";
		};
/* End PBXContainerItemProxy section */

/* Begin PBXCopyFilesBuildPhase section */
		1634383B1D99BC7E005C133F /* Embed App Extensions */ = {
			isa = PBXCopyFilesBuildPhase;
			buildActionMask = 2147483647;
			dstPath = "";
			dstSubfolderSpec = 13;
			files = (
				163438271D99BC7E005C133F /* Operations Access WatchKit Extension.appex in Embed App Extensions */,
			);
			name = "Embed App Extensions";
			runOnlyForDeploymentPostprocessing = 0;
		};
		1634383F1D99BC7E005C133F /* Embed Watch Content */ = {
			isa = PBXCopyFilesBuildPhase;
			buildActionMask = 2147483647;
			dstPath = "$(CONTENTS_FOLDER_PATH)/Watch";
			dstSubfolderSpec = 16;
			files = (
				163438181D99BC7E005C133F /* Operations Access WatchKit App.app in Embed Watch Content */,
			);
			name = "Embed Watch Content";
			runOnlyForDeploymentPostprocessing = 0;
		};
/* End PBXCopyFilesBuildPhase section */

/* Begin PBXFileReference section */
		054061BE1CCBE81424351C93 /* Pods_Operations_AccessTests.framework */ = {isa = PBXFileReference; explicitFileType = wrapper.framework; includeInIndex = 0; path = Pods_Operations_AccessTests.framework; sourceTree = BUILT_PRODUCTS_DIR; };
		163437EF1D99BC7E005C133F /* Operations Access.app */ = {isa = PBXFileReference; explicitFileType = wrapper.application; includeInIndex = 0; path = "Operations Access.app"; sourceTree = BUILT_PRODUCTS_DIR; };
		163437F21D99BC7E005C133F /* AppDelegate.swift */ = {isa = PBXFileReference; lastKnownFileType = sourcecode.swift; path = AppDelegate.swift; sourceTree = "<group>"; };
		163437F41D99BC7E005C133F /* ViewController.swift */ = {isa = PBXFileReference; lastKnownFileType = sourcecode.swift; path = ViewController.swift; sourceTree = "<group>"; };
		163437F71D99BC7E005C133F /* Base */ = {isa = PBXFileReference; lastKnownFileType = file.storyboard; name = Base; path = Base.lproj/Main.storyboard; sourceTree = "<group>"; };
		163437FC1D99BC7E005C133F /* Base */ = {isa = PBXFileReference; lastKnownFileType = file.storyboard; name = Base; path = Base.lproj/LaunchScreen.storyboard; sourceTree = "<group>"; };
		163437FE1D99BC7E005C133F /* Info.plist */ = {isa = PBXFileReference; lastKnownFileType = text.plist.xml; path = Info.plist; sourceTree = "<group>"; };
		163438031D99BC7E005C133F /* Operations AccessTests.xctest */ = {isa = PBXFileReference; explicitFileType = wrapper.cfbundle; includeInIndex = 0; path = "Operations AccessTests.xctest"; sourceTree = BUILT_PRODUCTS_DIR; };
		163438071D99BC7E005C133F /* Operations_AccessTests.swift */ = {isa = PBXFileReference; lastKnownFileType = sourcecode.swift; path = Operations_AccessTests.swift; sourceTree = "<group>"; };
		163438091D99BC7E005C133F /* Info.plist */ = {isa = PBXFileReference; lastKnownFileType = text.plist.xml; path = Info.plist; sourceTree = "<group>"; };
		1634380E1D99BC7E005C133F /* Operations AccessUITests.xctest */ = {isa = PBXFileReference; explicitFileType = wrapper.cfbundle; includeInIndex = 0; path = "Operations AccessUITests.xctest"; sourceTree = BUILT_PRODUCTS_DIR; };
		163438121D99BC7E005C133F /* Operations_AccessUITests.swift */ = {isa = PBXFileReference; lastKnownFileType = sourcecode.swift; path = Operations_AccessUITests.swift; sourceTree = "<group>"; };
		163438141D99BC7E005C133F /* Info.plist */ = {isa = PBXFileReference; lastKnownFileType = text.plist.xml; path = Info.plist; sourceTree = "<group>"; };
		163438171D99BC7E005C133F /* Operations Access WatchKit App.app */ = {isa = PBXFileReference; explicitFileType = wrapper.application; includeInIndex = 0; path = "Operations Access WatchKit App.app"; sourceTree = BUILT_PRODUCTS_DIR; };
		1634381D1D99BC7E005C133F /* Base */ = {isa = PBXFileReference; lastKnownFileType = file.storyboard; name = Base; path = Base.lproj/Interface.storyboard; sourceTree = "<group>"; };
		1634381F1D99BC7E005C133F /* Assets.xcassets */ = {isa = PBXFileReference; lastKnownFileType = folder.assetcatalog; path = Assets.xcassets; sourceTree = "<group>"; };
		163438211D99BC7E005C133F /* Info.plist */ = {isa = PBXFileReference; lastKnownFileType = text.plist.xml; path = Info.plist; sourceTree = "<group>"; };
		163438261D99BC7E005C133F /* Operations Access WatchKit Extension.appex */ = {isa = PBXFileReference; explicitFileType = "wrapper.app-extension"; includeInIndex = 0; path = "Operations Access WatchKit Extension.appex"; sourceTree = BUILT_PRODUCTS_DIR; };
		1634382C1D99BC7E005C133F /* PushNotificationPayload.apns */ = {isa = PBXFileReference; lastKnownFileType = text; path = PushNotificationPayload.apns; sourceTree = "<group>"; };
		1634382D1D99BC7E005C133F /* InterfaceController.swift */ = {isa = PBXFileReference; lastKnownFileType = sourcecode.swift; path = InterfaceController.swift; sourceTree = "<group>"; };
		1634382F1D99BC7E005C133F /* ExtensionDelegate.swift */ = {isa = PBXFileReference; lastKnownFileType = sourcecode.swift; path = ExtensionDelegate.swift; sourceTree = "<group>"; };
		163438311D99BC7E005C133F /* NotificationController.swift */ = {isa = PBXFileReference; lastKnownFileType = sourcecode.swift; path = NotificationController.swift; sourceTree = "<group>"; };
		163438331D99BC7E005C133F /* Assets.xcassets */ = {isa = PBXFileReference; lastKnownFileType = folder.assetcatalog; path = Assets.xcassets; sourceTree = "<group>"; };
		163438351D99BC7E005C133F /* Info.plist */ = {isa = PBXFileReference; lastKnownFileType = text.plist.xml; path = Info.plist; sourceTree = "<group>"; };
		163438511D99BE57005C133F /* JeffPhoto.jpg */ = {isa = PBXFileReference; lastKnownFileType = image.jpeg; path = JeffPhoto.jpg; sourceTree = "<group>"; };
		163438531D99BE93005C133F /* Assets.xcassets */ = {isa = PBXFileReference; lastKnownFileType = folder.assetcatalog; path = Assets.xcassets; sourceTree = "<group>"; };
		163438551D99C0C4005C133F /* Auth0.framework */ = {isa = PBXFileReference; lastKnownFileType = wrapper.framework; name = Auth0.framework; path = "../../Library/Developer/Xcode/DerivedData/Operations_Access-dmbdltaldobfwadfcbnkoirpplct/Build/Products/Debug-iphoneos/Auth0/Auth0.framework"; sourceTree = "<group>"; };
		32C4EE263A5A50729F965020 /* Pods-Operations AccessTests.release.xcconfig */ = {isa = PBXFileReference; includeInIndex = 1; lastKnownFileType = text.xcconfig; name = "Pods-Operations AccessTests.release.xcconfig"; path = "Pods/Target Support Files/Pods-Operations AccessTests/Pods-Operations AccessTests.release.xcconfig"; sourceTree = "<group>"; };
		59BA8268DF9708F43785948D /* Pods_Operations_Access_WatchKit_Extension.framework */ = {isa = PBXFileReference; explicitFileType = wrapper.framework; includeInIndex = 0; path = Pods_Operations_Access_WatchKit_Extension.framework; sourceTree = BUILT_PRODUCTS_DIR; };
		6C9D095C06D0C9061D82D86E /* Pods-Operations Access WatchKit App.debug.xcconfig */ = {isa = PBXFileReference; includeInIndex = 1; lastKnownFileType = text.xcconfig; name = "Pods-Operations Access WatchKit App.debug.xcconfig"; path = "Pods/Target Support Files/Pods-Operations Access WatchKit App/Pods-Operations Access WatchKit App.debug.xcconfig"; sourceTree = "<group>"; };
		785A4E433FFE8D25298A89A6 /* Pods-Operations Access WatchKit App.release.xcconfig */ = {isa = PBXFileReference; includeInIndex = 1; lastKnownFileType = text.xcconfig; name = "Pods-Operations Access WatchKit App.release.xcconfig"; path = "Pods/Target Support Files/Pods-Operations Access WatchKit App/Pods-Operations Access WatchKit App.release.xcconfig"; sourceTree = "<group>"; };
		9209E6F9765EC424C0FC64C4 /* Pods-Operations Access WatchKit Extension.debug.xcconfig */ = {isa = PBXFileReference; includeInIndex = 1; lastKnownFileType = text.xcconfig; name = "Pods-Operations Access WatchKit Extension.debug.xcconfig"; path = "Pods/Target Support Files/Pods-Operations Access WatchKit Extension/Pods-Operations Access WatchKit Extension.debug.xcconfig"; sourceTree = "<group>"; };
		B87CEFD802E85185251C6B5E /* Pods-Operations Access.release.xcconfig */ = {isa = PBXFileReference; includeInIndex = 1; lastKnownFileType = text.xcconfig; name = "Pods-Operations Access.release.xcconfig"; path = "Pods/Target Support Files/Pods-Operations Access/Pods-Operations Access.release.xcconfig"; sourceTree = "<group>"; };
		B9AB3D102C9397DFD7B4DE16 /* Pods-Operations AccessUITests.release.xcconfig */ = {isa = PBXFileReference; includeInIndex = 1; lastKnownFileType = text.xcconfig; name = "Pods-Operations AccessUITests.release.xcconfig"; path = "Pods/Target Support Files/Pods-Operations AccessUITests/Pods-Operations AccessUITests.release.xcconfig"; sourceTree = "<group>"; };
		C249F4132D49D29C1D76D4A6 /* Pods-Operations AccessTests.debug.xcconfig */ = {isa = PBXFileReference; includeInIndex = 1; lastKnownFileType = text.xcconfig; name = "Pods-Operations AccessTests.debug.xcconfig"; path = "Pods/Target Support Files/Pods-Operations AccessTests/Pods-Operations AccessTests.debug.xcconfig"; sourceTree = "<group>"; };
		CD677A2E371F19BD7FD179E4 /* Pods_Operations_Access_WatchKit_App.framework */ = {isa = PBXFileReference; explicitFileType = wrapper.framework; includeInIndex = 0; path = Pods_Operations_Access_WatchKit_App.framework; sourceTree = BUILT_PRODUCTS_DIR; };
		DAB001E6942140D31C0A5748 /* Pods-Operations Access WatchKit Extension.release.xcconfig */ = {isa = PBXFileReference; includeInIndex = 1; lastKnownFileType = text.xcconfig; name = "Pods-Operations Access WatchKit Extension.release.xcconfig"; path = "Pods/Target Support Files/Pods-Operations Access WatchKit Extension/Pods-Operations Access WatchKit Extension.release.xcconfig"; sourceTree = "<group>"; };
		DB84E78E4A03060AA5F65D2C /* Pods-Operations AccessUITests.debug.xcconfig */ = {isa = PBXFileReference; includeInIndex = 1; lastKnownFileType = text.xcconfig; name = "Pods-Operations AccessUITests.debug.xcconfig"; path = "Pods/Target Support Files/Pods-Operations AccessUITests/Pods-Operations AccessUITests.debug.xcconfig"; sourceTree = "<group>"; };
		E008EADD4CAFA8795C434C2C /* Pods_Operations_Access.framework */ = {isa = PBXFileReference; explicitFileType = wrapper.framework; includeInIndex = 0; path = Pods_Operations_Access.framework; sourceTree = BUILT_PRODUCTS_DIR; };
		F46B74F378202B0185B0FA40 /* Pods_Operations_AccessUITests.framework */ = {isa = PBXFileReference; explicitFileType = wrapper.framework; includeInIndex = 0; path = Pods_Operations_AccessUITests.framework; sourceTree = BUILT_PRODUCTS_DIR; };
		FC728E3E7603C783CA266328 /* Pods-Operations Access.debug.xcconfig */ = {isa = PBXFileReference; includeInIndex = 1; lastKnownFileType = text.xcconfig; name = "Pods-Operations Access.debug.xcconfig"; path = "Pods/Target Support Files/Pods-Operations Access/Pods-Operations Access.debug.xcconfig"; sourceTree = "<group>"; };
/* End PBXFileReference section */

/* Begin PBXFrameworksBuildPhase section */
		163437EC1D99BC7E005C133F /* Frameworks */ = {
			isa = PBXFrameworksBuildPhase;
			buildActionMask = 2147483647;
			files = (
				FE918C68386617B8C63ADBDE /* Pods_Operations_Access.framework in Frameworks */,
			);
			runOnlyForDeploymentPostprocessing = 0;
		};
		163438001D99BC7E005C133F /* Frameworks */ = {
			isa = PBXFrameworksBuildPhase;
			buildActionMask = 2147483647;
			files = (
				01B10D99E4ABC3AB77A4FC1D /* Pods_Operations_AccessTests.framework in Frameworks */,
			);
			runOnlyForDeploymentPostprocessing = 0;
		};
		1634380B1D99BC7E005C133F /* Frameworks */ = {
			isa = PBXFrameworksBuildPhase;
			buildActionMask = 2147483647;
			files = (
				823F3CBA2657B5049356C711 /* Pods_Operations_AccessUITests.framework in Frameworks */,
			);
			runOnlyForDeploymentPostprocessing = 0;
		};
		163438231D99BC7E005C133F /* Frameworks */ = {
			isa = PBXFrameworksBuildPhase;
			buildActionMask = 2147483647;
			files = (
				5EA8DE776599911A5E6147B6 /* Pods_Operations_Access_WatchKit_Extension.framework in Frameworks */,
			);
			runOnlyForDeploymentPostprocessing = 0;
		};
		412AF9A5A1F168468B29CB88 /* Frameworks */ = {
			isa = PBXFrameworksBuildPhase;
			buildActionMask = 2147483647;
			files = (
				243BE155368E4E5DA9FA041C /* Pods_Operations_Access_WatchKit_App.framework in Frameworks */,
			);
			runOnlyForDeploymentPostprocessing = 0;
		};
/* End PBXFrameworksBuildPhase section */

/* Begin PBXGroup section */
		163437E61D99BC7E005C133F = {
			isa = PBXGroup;
			children = (
				163437F11D99BC7E005C133F /* Operations Access */,
				163438061D99BC7E005C133F /* Operations AccessTests */,
				163438111D99BC7E005C133F /* Operations AccessUITests */,
				1634381B1D99BC7E005C133F /* Operations Access WatchKit App */,
				1634382A1D99BC7E005C133F /* Operations Access WatchKit Extension */,
				163437F01D99BC7E005C133F /* Products */,
				69965EE7CA6EB9C3ABACABD7 /* Pods */,
				5CCCCA398B7EDBECA513AD1A /* Frameworks */,
			);
			sourceTree = "<group>";
		};
		163437F01D99BC7E005C133F /* Products */ = {
			isa = PBXGroup;
			children = (
				163437EF1D99BC7E005C133F /* Operations Access.app */,
				163438031D99BC7E005C133F /* Operations AccessTests.xctest */,
				1634380E1D99BC7E005C133F /* Operations AccessUITests.xctest */,
				163438171D99BC7E005C133F /* Operations Access WatchKit App.app */,
				163438261D99BC7E005C133F /* Operations Access WatchKit Extension.appex */,
			);
			name = Products;
			sourceTree = "<group>";
		};
		163437F11D99BC7E005C133F /* Operations Access */ = {
			isa = PBXGroup;
			children = (
				163438501D99BE43005C133F /* Assets */,
				163438491D99BDEF005C133F /* Modules */,
				163437F21D99BC7E005C133F /* AppDelegate.swift */,
				163437F41D99BC7E005C133F /* ViewController.swift */,
				163437F61D99BC7E005C133F /* Main.storyboard */,
				163437FB1D99BC7E005C133F /* LaunchScreen.storyboard */,
				163437FE1D99BC7E005C133F /* Info.plist */,
			);
			path = "Operations Access";
			sourceTree = "<group>";
		};
		163438061D99BC7E005C133F /* Operations AccessTests */ = {
			isa = PBXGroup;
			children = (
				163438071D99BC7E005C133F /* Operations_AccessTests.swift */,
				163438091D99BC7E005C133F /* Info.plist */,
			);
			path = "Operations AccessTests";
			sourceTree = "<group>";
		};
		163438111D99BC7E005C133F /* Operations AccessUITests */ = {
			isa = PBXGroup;
			children = (
				163438121D99BC7E005C133F /* Operations_AccessUITests.swift */,
				163438141D99BC7E005C133F /* Info.plist */,
			);
			path = "Operations AccessUITests";
			sourceTree = "<group>";
		};
		1634381B1D99BC7E005C133F /* Operations Access WatchKit App */ = {
			isa = PBXGroup;
			children = (
				1634381C1D99BC7E005C133F /* Interface.storyboard */,
				1634381F1D99BC7E005C133F /* Assets.xcassets */,
				163438211D99BC7E005C133F /* Info.plist */,
			);
			path = "Operations Access WatchKit App";
			sourceTree = "<group>";
		};
		1634382A1D99BC7E005C133F /* Operations Access WatchKit Extension */ = {
			isa = PBXGroup;
			children = (
				1634382D1D99BC7E005C133F /* InterfaceController.swift */,
				1634382F1D99BC7E005C133F /* ExtensionDelegate.swift */,
				163438311D99BC7E005C133F /* NotificationController.swift */,
				163438331D99BC7E005C133F /* Assets.xcassets */,
				163438351D99BC7E005C133F /* Info.plist */,
				1634382B1D99BC7E005C133F /* Supporting Files */,
			);
			path = "Operations Access WatchKit Extension";
			sourceTree = "<group>";
		};
		1634382B1D99BC7E005C133F /* Supporting Files */ = {
			isa = PBXGroup;
			children = (
				1634382C1D99BC7E005C133F /* PushNotificationPayload.apns */,
			);
			name = "Supporting Files";
			sourceTree = "<group>";
		};
		163438491D99BDEF005C133F /* Modules */ = {
			isa = PBXGroup;
			children = (
				1634384F1D99BE13005C133F /* Alerts */,
				1634384E1D99BE0E005C133F /* Tickets */,
				1634384D1D99BE09005C133F /* Servers */,
				1634384C1D99BE04005C133F /* Login */,
				1634384B1D99BDFE005C133F /* Tabs */,
				1634384A1D99BDF9005C133F /* Settings */,
			);
			name = Modules;
			sourceTree = "<group>";
		};
		1634384A1D99BDF9005C133F /* Settings */ = {
			isa = PBXGroup;
			children = (
			);
			name = Settings;
			sourceTree = "<group>";
		};
		1634384B1D99BDFE005C133F /* Tabs */ = {
			isa = PBXGroup;
			children = (
			);
			name = Tabs;
			sourceTree = "<group>";
		};
		1634384C1D99BE04005C133F /* Login */ = {
			isa = PBXGroup;
			children = (
			);
			name = Login;
			sourceTree = "<group>";
		};
		1634384D1D99BE09005C133F /* Servers */ = {
			isa = PBXGroup;
			children = (
			);
			name = Servers;
			sourceTree = "<group>";
		};
		1634384E1D99BE0E005C133F /* Tickets */ = {
			isa = PBXGroup;
			children = (
			);
			name = Tickets;
			sourceTree = "<group>";
		};
		1634384F1D99BE13005C133F /* Alerts */ = {
			isa = PBXGroup;
			children = (
			);
			name = Alerts;
			sourceTree = "<group>";
		};
		163438501D99BE43005C133F /* Assets */ = {
			isa = PBXGroup;
			children = (
				163438531D99BE93005C133F /* Assets.xcassets */,
				163438511D99BE57005C133F /* JeffPhoto.jpg */,
			);
			name = Assets;
			sourceTree = "<group>";
		};
		5CCCCA398B7EDBECA513AD1A /* Frameworks */ = {
			isa = PBXGroup;
			children = (
				163438551D99C0C4005C133F /* Auth0.framework */,
				E008EADD4CAFA8795C434C2C /* Pods_Operations_Access.framework */,
				CD677A2E371F19BD7FD179E4 /* Pods_Operations_Access_WatchKit_App.framework */,
				59BA8268DF9708F43785948D /* Pods_Operations_Access_WatchKit_Extension.framework */,
				054061BE1CCBE81424351C93 /* Pods_Operations_AccessTests.framework */,
				F46B74F378202B0185B0FA40 /* Pods_Operations_AccessUITests.framework */,
			);
			name = Frameworks;
			sourceTree = "<group>";
		};
		69965EE7CA6EB9C3ABACABD7 /* Pods */ = {
			isa = PBXGroup;
			children = (
				FC728E3E7603C783CA266328 /* Pods-Operations Access.debug.xcconfig */,
				B87CEFD802E85185251C6B5E /* Pods-Operations Access.release.xcconfig */,
				6C9D095C06D0C9061D82D86E /* Pods-Operations Access WatchKit App.debug.xcconfig */,
				785A4E433FFE8D25298A89A6 /* Pods-Operations Access WatchKit App.release.xcconfig */,
				9209E6F9765EC424C0FC64C4 /* Pods-Operations Access WatchKit Extension.debug.xcconfig */,
				DAB001E6942140D31C0A5748 /* Pods-Operations Access WatchKit Extension.release.xcconfig */,
				C249F4132D49D29C1D76D4A6 /* Pods-Operations AccessTests.debug.xcconfig */,
				32C4EE263A5A50729F965020 /* Pods-Operations AccessTests.release.xcconfig */,
				DB84E78E4A03060AA5F65D2C /* Pods-Operations AccessUITests.debug.xcconfig */,
				B9AB3D102C9397DFD7B4DE16 /* Pods-Operations AccessUITests.release.xcconfig */,
			);
			name = Pods;
			sourceTree = "<group>";
		};
/* End PBXGroup section */

/* Begin PBXNativeTarget section */
		163437EE1D99BC7E005C133F /* Operations Access */ = {
			isa = PBXNativeTarget;
			buildConfigurationList = 163438401D99BC7E005C133F /* Build configuration list for PBXNativeTarget "Operations Access" */;
			buildPhases = (
				E3E005FC7DF2DCF3269C1156 /* [CP] Check Pods Manifest.lock */,
				163437EB1D99BC7E005C133F /* Sources */,
				163437EC1D99BC7E005C133F /* Frameworks */,
				163437ED1D99BC7E005C133F /* Resources */,
				1634383F1D99BC7E005C133F /* Embed Watch Content */,
				F699F0E4E61D914F43C0B7C8 /* [CP] Embed Pods Frameworks */,
				FAE2C53206D084614CD5D5EF /* [CP] Copy Pods Resources */,
			);
			buildRules = (
			);
			dependencies = (
				1634381A1D99BC7E005C133F /* PBXTargetDependency */,
			);
			name = "Operations Access";
			productName = "Operations Access";
			productReference = 163437EF1D99BC7E005C133F /* Operations Access.app */;
			productType = "com.apple.product-type.application";
		};
		163438021D99BC7E005C133F /* Operations AccessTests */ = {
			isa = PBXNativeTarget;
			buildConfigurationList = 163438431D99BC7E005C133F /* Build configuration list for PBXNativeTarget "Operations AccessTests" */;
			buildPhases = (
				51479F795655E3732A884F4E /* [CP] Check Pods Manifest.lock */,
				163437FF1D99BC7E005C133F /* Sources */,
				163438001D99BC7E005C133F /* Frameworks */,
				163438011D99BC7E005C133F /* Resources */,
				7A6D54B0FD29E64ED6F9DAC1 /* [CP] Embed Pods Frameworks */,
				BA3E65964B561A9A1E4CEA16 /* [CP] Copy Pods Resources */,
			);
			buildRules = (
			);
			dependencies = (
				163438051D99BC7E005C133F /* PBXTargetDependency */,
			);
			name = "Operations AccessTests";
			productName = "Operations AccessTests";
			productReference = 163438031D99BC7E005C133F /* Operations AccessTests.xctest */;
			productType = "com.apple.product-type.bundle.unit-test";
		};
		1634380D1D99BC7E005C133F /* Operations AccessUITests */ = {
			isa = PBXNativeTarget;
			buildConfigurationList = 163438461D99BC7E005C133F /* Build configuration list for PBXNativeTarget "Operations AccessUITests" */;
			buildPhases = (
				2F6B4FF6DAE9D84782C095E7 /* [CP] Check Pods Manifest.lock */,
				1634380A1D99BC7E005C133F /* Sources */,
				1634380B1D99BC7E005C133F /* Frameworks */,
				1634380C1D99BC7E005C133F /* Resources */,
				9A8CA0CAE9749AF0F9944C5B /* [CP] Embed Pods Frameworks */,
				248D6BF91DC8FED02AA7C475 /* [CP] Copy Pods Resources */,
			);
			buildRules = (
			);
			dependencies = (
				163438101D99BC7E005C133F /* PBXTargetDependency */,
			);
			name = "Operations AccessUITests";
			productName = "Operations AccessUITests";
			productReference = 1634380E1D99BC7E005C133F /* Operations AccessUITests.xctest */;
			productType = "com.apple.product-type.bundle.ui-testing";
		};
		163438161D99BC7E005C133F /* Operations Access WatchKit App */ = {
			isa = PBXNativeTarget;
			buildConfigurationList = 1634383C1D99BC7E005C133F /* Build configuration list for PBXNativeTarget "Operations Access WatchKit App" */;
			buildPhases = (
				D4FF51AF681486D6BC4C4DB5 /* [CP] Check Pods Manifest.lock */,
				163438151D99BC7E005C133F /* Resources */,
				1634383B1D99BC7E005C133F /* Embed App Extensions */,
				412AF9A5A1F168468B29CB88 /* Frameworks */,
				679942263B3EC7FA7CF48ADC /* [CP] Copy Pods Resources */,
			);
			buildRules = (
			);
			dependencies = (
				163438291D99BC7E005C133F /* PBXTargetDependency */,
			);
			name = "Operations Access WatchKit App";
			productName = "Operations Access WatchKit App";
			productReference = 163438171D99BC7E005C133F /* Operations Access WatchKit App.app */;
			productType = "com.apple.product-type.application.watchapp2";
		};
		163438251D99BC7E005C133F /* Operations Access WatchKit Extension */ = {
			isa = PBXNativeTarget;
			buildConfigurationList = 163438381D99BC7E005C133F /* Build configuration list for PBXNativeTarget "Operations Access WatchKit Extension" */;
			buildPhases = (
				3AF537EEAF665E04779AF38D /* [CP] Check Pods Manifest.lock */,
				163438221D99BC7E005C133F /* Sources */,
				163438231D99BC7E005C133F /* Frameworks */,
				163438241D99BC7E005C133F /* Resources */,
				466A67DA29D8B5A7DCA497C7 /* [CP] Embed Pods Frameworks */,
				449E72407AC5D5F98925DEE7 /* [CP] Copy Pods Resources */,
			);
			buildRules = (
			);
			dependencies = (
			);
			name = "Operations Access WatchKit Extension";
			productName = "Operations Access WatchKit Extension";
			productReference = 163438261D99BC7E005C133F /* Operations Access WatchKit Extension.appex */;
			productType = "com.apple.product-type.watchkit2-extension";
		};
/* End PBXNativeTarget section */

/* Begin PBXProject section */
		163437E71D99BC7E005C133F /* Project object */ = {
			isa = PBXProject;
			attributes = {
				LastSwiftUpdateCheck = 0800;
				LastUpgradeCheck = 0800;
				ORGANIZATIONNAME = "EnergyCAP, Inc.";
				TargetAttributes = {
					163437EE1D99BC7E005C133F = {
						CreatedOnToolsVersion = 8.0;
						DevelopmentTeam = 773798U7P9;
						ProvisioningStyle = Automatic;
					};
					163438021D99BC7E005C133F = {
						CreatedOnToolsVersion = 8.0;
						DevelopmentTeam = 773798U7P9;
						ProvisioningStyle = Automatic;
						TestTargetID = 163437EE1D99BC7E005C133F;
					};
					1634380D1D99BC7E005C133F = {
						CreatedOnToolsVersion = 8.0;
						DevelopmentTeam = 773798U7P9;
						ProvisioningStyle = Automatic;
						TestTargetID = 163437EE1D99BC7E005C133F;
					};
					163438161D99BC7E005C133F = {
						CreatedOnToolsVersion = 8.0;
						DevelopmentTeam = 773798U7P9;
						ProvisioningStyle = Automatic;
					};
					163438251D99BC7E005C133F = {
						CreatedOnToolsVersion = 8.0;
						DevelopmentTeam = 773798U7P9;
						ProvisioningStyle = Automatic;
					};
				};
			};
			buildConfigurationList = 163437EA1D99BC7E005C133F /* Build configuration list for PBXProject "Operations Access" */;
			compatibilityVersion = "Xcode 3.2";
			developmentRegion = English;
			hasScannedForEncodings = 0;
			knownRegions = (
				en,
				Base,
			);
			mainGroup = 163437E61D99BC7E005C133F;
			productRefGroup = 163437F01D99BC7E005C133F /* Products */;
			projectDirPath = "";
			projectRoot = "";
			targets = (
				163437EE1D99BC7E005C133F /* Operations Access */,
				163438021D99BC7E005C133F /* Operations AccessTests */,
				1634380D1D99BC7E005C133F /* Operations AccessUITests */,
				163438161D99BC7E005C133F /* Operations Access WatchKit App */,
				163438251D99BC7E005C133F /* Operations Access WatchKit Extension */,
			);
		};
/* End PBXProject section */

/* Begin PBXResourcesBuildPhase section */
		163437ED1D99BC7E005C133F /* Resources */ = {
			isa = PBXResourcesBuildPhase;
			buildActionMask = 2147483647;
			files = (
				163437FD1D99BC7E005C133F /* LaunchScreen.storyboard in Resources */,
				163438521D99BE57005C133F /* JeffPhoto.jpg in Resources */,
				163438541D99BE93005C133F /* Assets.xcassets in Resources */,
				163437F81D99BC7E005C133F /* Main.storyboard in Resources */,
			);
			runOnlyForDeploymentPostprocessing = 0;
		};
		163438011D99BC7E005C133F /* Resources */ = {
			isa = PBXResourcesBuildPhase;
			buildActionMask = 2147483647;
			files = (
			);
			runOnlyForDeploymentPostprocessing = 0;
		};
		1634380C1D99BC7E005C133F /* Resources */ = {
			isa = PBXResourcesBuildPhase;
			buildActionMask = 2147483647;
			files = (
			);
			runOnlyForDeploymentPostprocessing = 0;
		};
		163438151D99BC7E005C133F /* Resources */ = {
			isa = PBXResourcesBuildPhase;
			buildActionMask = 2147483647;
			files = (
				163438201D99BC7E005C133F /* Assets.xcassets in Resources */,
				1634381E1D99BC7E005C133F /* Interface.storyboard in Resources */,
			);
			runOnlyForDeploymentPostprocessing = 0;
		};
		163438241D99BC7E005C133F /* Resources */ = {
			isa = PBXResourcesBuildPhase;
			buildActionMask = 2147483647;
			files = (
				163438341D99BC7E005C133F /* Assets.xcassets in Resources */,
			);
			runOnlyForDeploymentPostprocessing = 0;
		};
/* End PBXResourcesBuildPhase section */

/* Begin PBXShellScriptBuildPhase section */
		248D6BF91DC8FED02AA7C475 /* [CP] Copy Pods Resources */ = {
			isa = PBXShellScriptBuildPhase;
			buildActionMask = 2147483647;
			files = (
			);
			inputPaths = (
			);
			name = "[CP] Copy Pods Resources";
			outputPaths = (
			);
			runOnlyForDeploymentPostprocessing = 0;
			shellPath = /bin/sh;
			shellScript = "\"${SRCROOT}/Pods/Target Support Files/Pods-Operations AccessUITests/Pods-Operations AccessUITests-resources.sh\"\n";
			showEnvVarsInLog = 0;
		};
		2F6B4FF6DAE9D84782C095E7 /* [CP] Check Pods Manifest.lock */ = {
			isa = PBXShellScriptBuildPhase;
			buildActionMask = 2147483647;
			files = (
			);
			inputPaths = (
			);
			name = "[CP] Check Pods Manifest.lock";
			outputPaths = (
			);
			runOnlyForDeploymentPostprocessing = 0;
			shellPath = /bin/sh;
			shellScript = "diff \"${PODS_ROOT}/../Podfile.lock\" \"${PODS_ROOT}/Manifest.lock\" > /dev/null\nif [ $? != 0 ] ; then\n    # print error to STDERR\n    echo \"error: The sandbox is not in sync with the Podfile.lock. Run 'pod install' or update your CocoaPods installation.\" >&2\n    exit 1\nfi\n";
			showEnvVarsInLog = 0;
		};
		3AF537EEAF665E04779AF38D /* [CP] Check Pods Manifest.lock */ = {
			isa = PBXShellScriptBuildPhase;
			buildActionMask = 2147483647;
			files = (
			);
			inputPaths = (
			);
			name = "[CP] Check Pods Manifest.lock";
			outputPaths = (
			);
			runOnlyForDeploymentPostprocessing = 0;
			shellPath = /bin/sh;
			shellScript = "diff \"${PODS_ROOT}/../Podfile.lock\" \"${PODS_ROOT}/Manifest.lock\" > /dev/null\nif [ $? != 0 ] ; then\n    # print error to STDERR\n    echo \"error: The sandbox is not in sync with the Podfile.lock. Run 'pod install' or update your CocoaPods installation.\" >&2\n    exit 1\nfi\n";
			showEnvVarsInLog = 0;
		};
		449E72407AC5D5F98925DEE7 /* [CP] Copy Pods Resources */ = {
			isa = PBXShellScriptBuildPhase;
			buildActionMask = 2147483647;
			files = (
			);
			inputPaths = (
			);
			name = "[CP] Copy Pods Resources";
			outputPaths = (
			);
			runOnlyForDeploymentPostprocessing = 0;
			shellPath = /bin/sh;
			shellScript = "\"${SRCROOT}/Pods/Target Support Files/Pods-Operations Access WatchKit Extension/Pods-Operations Access WatchKit Extension-resources.sh\"\n";
			showEnvVarsInLog = 0;
		};
		466A67DA29D8B5A7DCA497C7 /* [CP] Embed Pods Frameworks */ = {
			isa = PBXShellScriptBuildPhase;
			buildActionMask = 2147483647;
			files = (
			);
			inputPaths = (
			);
			name = "[CP] Embed Pods Frameworks";
			outputPaths = (
			);
			runOnlyForDeploymentPostprocessing = 0;
			shellPath = /bin/sh;
			shellScript = "\"${SRCROOT}/Pods/Target Support Files/Pods-Operations Access WatchKit Extension/Pods-Operations Access WatchKit Extension-frameworks.sh\"\n";
			showEnvVarsInLog = 0;
		};
		51479F795655E3732A884F4E /* [CP] Check Pods Manifest.lock */ = {
			isa = PBXShellScriptBuildPhase;
			buildActionMask = 2147483647;
			files = (
			);
			inputPaths = (
			);
			name = "[CP] Check Pods Manifest.lock";
			outputPaths = (
			);
			runOnlyForDeploymentPostprocessing = 0;
			shellPath = /bin/sh;
			shellScript = "diff \"${PODS_ROOT}/../Podfile.lock\" \"${PODS_ROOT}/Manifest.lock\" > /dev/null\nif [ $? != 0 ] ; then\n    # print error to STDERR\n    echo \"error: The sandbox is not in sync with the Podfile.lock. Run 'pod install' or update your CocoaPods installation.\" >&2\n    exit 1\nfi\n";
			showEnvVarsInLog = 0;
		};
		679942263B3EC7FA7CF48ADC /* [CP] Copy Pods Resources */ = {
			isa = PBXShellScriptBuildPhase;
			buildActionMask = 2147483647;
			files = (
			);
			inputPaths = (
			);
			name = "[CP] Copy Pods Resources";
			outputPaths = (
			);
			runOnlyForDeploymentPostprocessing = 0;
			shellPath = /bin/sh;
			shellScript = "\"${SRCROOT}/Pods/Target Support Files/Pods-Operations Access WatchKit App/Pods-Operations Access WatchKit App-resources.sh\"\n";
			showEnvVarsInLog = 0;
		};
		7A6D54B0FD29E64ED6F9DAC1 /* [CP] Embed Pods Frameworks */ = {
			isa = PBXShellScriptBuildPhase;
			buildActionMask = 2147483647;
			files = (
			);
			inputPaths = (
			);
			name = "[CP] Embed Pods Frameworks";
			outputPaths = (
			);
			runOnlyForDeploymentPostprocessing = 0;
			shellPath = /bin/sh;
			shellScript = "\"${SRCROOT}/Pods/Target Support Files/Pods-Operations AccessTests/Pods-Operations AccessTests-frameworks.sh\"\n";
			showEnvVarsInLog = 0;
		};
		9A8CA0CAE9749AF0F9944C5B /* [CP] Embed Pods Frameworks */ = {
			isa = PBXShellScriptBuildPhase;
			buildActionMask = 2147483647;
			files = (
			);
			inputPaths = (
			);
			name = "[CP] Embed Pods Frameworks";
			outputPaths = (
			);
			runOnlyForDeploymentPostprocessing = 0;
			shellPath = /bin/sh;
			shellScript = "\"${SRCROOT}/Pods/Target Support Files/Pods-Operations AccessUITests/Pods-Operations AccessUITests-frameworks.sh\"\n";
			showEnvVarsInLog = 0;
		};
		BA3E65964B561A9A1E4CEA16 /* [CP] Copy Pods Resources */ = {
			isa = PBXShellScriptBuildPhase;
			buildActionMask = 2147483647;
			files = (
			);
			inputPaths = (
			);
			name = "[CP] Copy Pods Resources";
			outputPaths = (
			);
			runOnlyForDeploymentPostprocessing = 0;
			shellPath = /bin/sh;
			shellScript = "\"${SRCROOT}/Pods/Target Support Files/Pods-Operations AccessTests/Pods-Operations AccessTests-resources.sh\"\n";
			showEnvVarsInLog = 0;
		};
		D4FF51AF681486D6BC4C4DB5 /* [CP] Check Pods Manifest.lock */ = {
			isa = PBXShellScriptBuildPhase;
			buildActionMask = 2147483647;
			files = (
			);
			inputPaths = (
			);
			name = "[CP] Check Pods Manifest.lock";
			outputPaths = (
			);
			runOnlyForDeploymentPostprocessing = 0;
			shellPath = /bin/sh;
			shellScript = "diff \"${PODS_ROOT}/../Podfile.lock\" \"${PODS_ROOT}/Manifest.lock\" > /dev/null\nif [ $? != 0 ] ; then\n    # print error to STDERR\n    echo \"error: The sandbox is not in sync with the Podfile.lock. Run 'pod install' or update your CocoaPods installation.\" >&2\n    exit 1\nfi\n";
			showEnvVarsInLog = 0;
		};
		E3E005FC7DF2DCF3269C1156 /* [CP] Check Pods Manifest.lock */ = {
			isa = PBXShellScriptBuildPhase;
			buildActionMask = 2147483647;
			files = (
			);
			inputPaths = (
			);
			name = "[CP] Check Pods Manifest.lock";
			outputPaths = (
			);
			runOnlyForDeploymentPostprocessing = 0;
			shellPath = /bin/sh;
			shellScript = "diff \"${PODS_ROOT}/../Podfile.lock\" \"${PODS_ROOT}/Manifest.lock\" > /dev/null\nif [ $? != 0 ] ; then\n    # print error to STDERR\n    echo \"error: The sandbox is not in sync with the Podfile.lock. Run 'pod install' or update your CocoaPods installation.\" >&2\n    exit 1\nfi\n";
			showEnvVarsInLog = 0;
		};
		F699F0E4E61D914F43C0B7C8 /* [CP] Embed Pods Frameworks */ = {
			isa = PBXShellScriptBuildPhase;
			buildActionMask = 2147483647;
			files = (
			);
			inputPaths = (
			);
			name = "[CP] Embed Pods Frameworks";
			outputPaths = (
			);
			runOnlyForDeploymentPostprocessing = 0;
			shellPath = /bin/sh;
			shellScript = "\"${SRCROOT}/Pods/Target Support Files/Pods-Operations Access/Pods-Operations Access-frameworks.sh\"\n";
			showEnvVarsInLog = 0;
		};
		FAE2C53206D084614CD5D5EF /* [CP] Copy Pods Resources */ = {
			isa = PBXShellScriptBuildPhase;
			buildActionMask = 2147483647;
			files = (
			);
			inputPaths = (
			);
			name = "[CP] Copy Pods Resources";
			outputPaths = (
			);
			runOnlyForDeploymentPostprocessing = 0;
			shellPath = /bin/sh;
			shellScript = "\"${SRCROOT}/Pods/Target Support Files/Pods-Operations Access/Pods-Operations Access-resources.sh\"\n";
			showEnvVarsInLog = 0;
		};
/* End PBXShellScriptBuildPhase section */

/* Begin PBXSourcesBuildPhase section */
		163437EB1D99BC7E005C133F /* Sources */ = {
			isa = PBXSourcesBuildPhase;
			buildActionMask = 2147483647;
			files = (
				163437F51D99BC7E005C133F /* ViewController.swift in Sources */,
				163437F31D99BC7E005C133F /* AppDelegate.swift in Sources */,
			);
			runOnlyForDeploymentPostprocessing = 0;
		};
		163437FF1D99BC7E005C133F /* Sources */ = {
			isa = PBXSourcesBuildPhase;
			buildActionMask = 2147483647;
			files = (
				163438081D99BC7E005C133F /* Operations_AccessTests.swift in Sources */,
			);
			runOnlyForDeploymentPostprocessing = 0;
		};
		1634380A1D99BC7E005C133F /* Sources */ = {
			isa = PBXSourcesBuildPhase;
			buildActionMask = 2147483647;
			files = (
				163438131D99BC7E005C133F /* Operations_AccessUITests.swift in Sources */,
			);
			runOnlyForDeploymentPostprocessing = 0;
		};
		163438221D99BC7E005C133F /* Sources */ = {
			isa = PBXSourcesBuildPhase;
			buildActionMask = 2147483647;
			files = (
				163438321D99BC7E005C133F /* NotificationController.swift in Sources */,
				163438301D99BC7E005C133F /* ExtensionDelegate.swift in Sources */,
				1634382E1D99BC7E005C133F /* InterfaceController.swift in Sources */,
			);
			runOnlyForDeploymentPostprocessing = 0;
		};
/* End PBXSourcesBuildPhase section */

/* Begin PBXTargetDependency section */
		163438051D99BC7E005C133F /* PBXTargetDependency */ = {
			isa = PBXTargetDependency;
			target = 163437EE1D99BC7E005C133F /* Operations Access */;
			targetProxy = 163438041D99BC7E005C133F /* PBXContainerItemProxy */;
		};
		163438101D99BC7E005C133F /* PBXTargetDependency */ = {
			isa = PBXTargetDependency;
			target = 163437EE1D99BC7E005C133F /* Operations Access */;
			targetProxy = 1634380F1D99BC7E005C133F /* PBXContainerItemProxy */;
		};
		1634381A1D99BC7E005C133F /* PBXTargetDependency */ = {
			isa = PBXTargetDependency;
			target = 163438161D99BC7E005C133F /* Operations Access WatchKit App */;
			targetProxy = 163438191D99BC7E005C133F /* PBXContainerItemProxy */;
		};
		163438291D99BC7E005C133F /* PBXTargetDependency */ = {
			isa = PBXTargetDependency;
			target = 163438251D99BC7E005C133F /* Operations Access WatchKit Extension */;
			targetProxy = 163438281D99BC7E005C133F /* PBXContainerItemProxy */;
		};
/* End PBXTargetDependency section */

/* Begin PBXVariantGroup section */
		163437F61D99BC7E005C133F /* Main.storyboard */ = {
			isa = PBXVariantGroup;
			children = (
				163437F71D99BC7E005C133F /* Base */,
			);
			name = Main.storyboard;
			sourceTree = "<group>";
		};
		163437FB1D99BC7E005C133F /* LaunchScreen.storyboard */ = {
			isa = PBXVariantGroup;
			children = (
				163437FC1D99BC7E005C133F /* Base */,
			);
			name = LaunchScreen.storyboard;
			sourceTree = "<group>";
		};
		1634381C1D99BC7E005C133F /* Interface.storyboard */ = {
			isa = PBXVariantGroup;
			children = (
				1634381D1D99BC7E005C133F /* Base */,
			);
			name = Interface.storyboard;
			sourceTree = "<group>";
		};
/* End PBXVariantGroup section */

/* Begin XCBuildConfiguration section */
		163438361D99BC7E005C133F /* Debug */ = {
			isa = XCBuildConfiguration;
			buildSettings = {
				ALWAYS_SEARCH_USER_PATHS = NO;
				CLANG_ANALYZER_NONNULL = YES;
				CLANG_CXX_LANGUAGE_STANDARD = "gnu++0x";
				CLANG_CXX_LIBRARY = "libc++";
				CLANG_ENABLE_MODULES = YES;
				CLANG_ENABLE_OBJC_ARC = YES;
				CLANG_WARN_BOOL_CONVERSION = YES;
				CLANG_WARN_CONSTANT_CONVERSION = YES;
				CLANG_WARN_DIRECT_OBJC_ISA_USAGE = YES_ERROR;
				CLANG_WARN_DOCUMENTATION_COMMENTS = YES;
				CLANG_WARN_EMPTY_BODY = YES;
				CLANG_WARN_ENUM_CONVERSION = YES;
				CLANG_WARN_INFINITE_RECURSION = YES;
				CLANG_WARN_INT_CONVERSION = YES;
				CLANG_WARN_OBJC_ROOT_CLASS = YES_ERROR;
				CLANG_WARN_SUSPICIOUS_MOVES = YES;
				CLANG_WARN_UNREACHABLE_CODE = YES;
				CLANG_WARN__DUPLICATE_METHOD_MATCH = YES;
				"CODE_SIGN_IDENTITY[sdk=iphoneos*]" = "iPhone Developer";
				COPY_PHASE_STRIP = NO;
				DEBUG_INFORMATION_FORMAT = dwarf;
				ENABLE_STRICT_OBJC_MSGSEND = YES;
				ENABLE_TESTABILITY = YES;
				GCC_C_LANGUAGE_STANDARD = gnu99;
				GCC_DYNAMIC_NO_PIC = NO;
				GCC_NO_COMMON_BLOCKS = YES;
				GCC_OPTIMIZATION_LEVEL = 0;
				GCC_PREPROCESSOR_DEFINITIONS = (
					"DEBUG=1",
					"$(inherited)",
				);
				GCC_WARN_64_TO_32_BIT_CONVERSION = YES;
				GCC_WARN_ABOUT_RETURN_TYPE = YES_ERROR;
				GCC_WARN_UNDECLARED_SELECTOR = YES;
				GCC_WARN_UNINITIALIZED_AUTOS = YES_AGGRESSIVE;
				GCC_WARN_UNUSED_FUNCTION = YES;
				GCC_WARN_UNUSED_VARIABLE = YES;
				IPHONEOS_DEPLOYMENT_TARGET = 10.0;
				MTL_ENABLE_DEBUG_INFO = YES;
				ONLY_ACTIVE_ARCH = YES;
				SDKROOT = iphoneos;
				SWIFT_ACTIVE_COMPILATION_CONDITIONS = DEBUG;
				SWIFT_OPTIMIZATION_LEVEL = "-Onone";
				TARGETED_DEVICE_FAMILY = "1,2";
			};
			name = Debug;
		};
		163438371D99BC7E005C133F /* Release */ = {
			isa = XCBuildConfiguration;
			buildSettings = {
				ALWAYS_SEARCH_USER_PATHS = NO;
				CLANG_ANALYZER_NONNULL = YES;
				CLANG_CXX_LANGUAGE_STANDARD = "gnu++0x";
				CLANG_CXX_LIBRARY = "libc++";
				CLANG_ENABLE_MODULES = YES;
				CLANG_ENABLE_OBJC_ARC = YES;
				CLANG_WARN_BOOL_CONVERSION = YES;
				CLANG_WARN_CONSTANT_CONVERSION = YES;
				CLANG_WARN_DIRECT_OBJC_ISA_USAGE = YES_ERROR;
				CLANG_WARN_DOCUMENTATION_COMMENTS = YES;
				CLANG_WARN_EMPTY_BODY = YES;
				CLANG_WARN_ENUM_CONVERSION = YES;
				CLANG_WARN_INFINITE_RECURSION = YES;
				CLANG_WARN_INT_CONVERSION = YES;
				CLANG_WARN_OBJC_ROOT_CLASS = YES_ERROR;
				CLANG_WARN_SUSPICIOUS_MOVES = YES;
				CLANG_WARN_UNREACHABLE_CODE = YES;
				CLANG_WARN__DUPLICATE_METHOD_MATCH = YES;
				"CODE_SIGN_IDENTITY[sdk=iphoneos*]" = "iPhone Developer";
				COPY_PHASE_STRIP = NO;
				DEBUG_INFORMATION_FORMAT = "dwarf-with-dsym";
				ENABLE_NS_ASSERTIONS = NO;
				ENABLE_STRICT_OBJC_MSGSEND = YES;
				GCC_C_LANGUAGE_STANDARD = gnu99;
				GCC_NO_COMMON_BLOCKS = YES;
				GCC_WARN_64_TO_32_BIT_CONVERSION = YES;
				GCC_WARN_ABOUT_RETURN_TYPE = YES_ERROR;
				GCC_WARN_UNDECLARED_SELECTOR = YES;
				GCC_WARN_UNINITIALIZED_AUTOS = YES_AGGRESSIVE;
				GCC_WARN_UNUSED_FUNCTION = YES;
				GCC_WARN_UNUSED_VARIABLE = YES;
				IPHONEOS_DEPLOYMENT_TARGET = 10.0;
				MTL_ENABLE_DEBUG_INFO = NO;
				SDKROOT = iphoneos;
				SWIFT_OPTIMIZATION_LEVEL = "-Owholemodule";
				TARGETED_DEVICE_FAMILY = "1,2";
				VALIDATE_PRODUCT = YES;
			};
			name = Release;
		};
		163438391D99BC7E005C133F /* Debug */ = {
			isa = XCBuildConfiguration;
			baseConfigurationReference = 9209E6F9765EC424C0FC64C4 /* Pods-Operations Access WatchKit Extension.debug.xcconfig */;
			buildSettings = {
				ASSETCATALOG_COMPILER_COMPLICATION_NAME = Complication;
				DEVELOPMENT_TEAM = 773798U7P9;
				INFOPLIST_FILE = "Operations Access WatchKit Extension/Info.plist";
				LD_RUNPATH_SEARCH_PATHS = "$(inherited) @executable_path/Frameworks @executable_path/../../Frameworks";
				PRODUCT_BUNDLE_IDENTIFIER = "com.energycap.Operations-Access.watchkitapp.watchkitextension";
				PRODUCT_NAME = "${TARGET_NAME}";
				SDKROOT = watchos;
				SKIP_INSTALL = YES;
				SWIFT_VERSION = 3.0;
				TARGETED_DEVICE_FAMILY = 4;
				WATCHOS_DEPLOYMENT_TARGET = 3.0;
			};
			name = Debug;
		};
		1634383A1D99BC7E005C133F /* Release */ = {
			isa = XCBuildConfiguration;
			baseConfigurationReference = DAB001E6942140D31C0A5748 /* Pods-Operations Access WatchKit Extension.release.xcconfig */;
			buildSettings = {
				ASSETCATALOG_COMPILER_COMPLICATION_NAME = Complication;
				DEVELOPMENT_TEAM = 773798U7P9;
				INFOPLIST_FILE = "Operations Access WatchKit Extension/Info.plist";
				LD_RUNPATH_SEARCH_PATHS = "$(inherited) @executable_path/Frameworks @executable_path/../../Frameworks";
				PRODUCT_BUNDLE_IDENTIFIER = "com.energycap.Operations-Access.watchkitapp.watchkitextension";
				PRODUCT_NAME = "${TARGET_NAME}";
				SDKROOT = watchos;
				SKIP_INSTALL = YES;
				SWIFT_VERSION = 3.0;
				TARGETED_DEVICE_FAMILY = 4;
				WATCHOS_DEPLOYMENT_TARGET = 3.0;
			};
			name = Release;
		};
		1634383D1D99BC7E005C133F /* Debug */ = {
			isa = XCBuildConfiguration;
			baseConfigurationReference = 6C9D095C06D0C9061D82D86E /* Pods-Operations Access WatchKit App.debug.xcconfig */;
			buildSettings = {
				ALWAYS_EMBED_SWIFT_STANDARD_LIBRARIES = "$(inherited)";
				ASSETCATALOG_COMPILER_APPICON_NAME = AppIcon;
				DEVELOPMENT_TEAM = 773798U7P9;
				IBSC_MODULE = Operations_Access_WatchKit_Extension;
				INFOPLIST_FILE = "Operations Access WatchKit App/Info.plist";
				PRODUCT_BUNDLE_IDENTIFIER = "com.energycap.Operations-Access.watchkitapp";
				PRODUCT_NAME = "$(TARGET_NAME)";
				SDKROOT = watchos;
				SKIP_INSTALL = YES;
				SWIFT_VERSION = 3.0;
				TARGETED_DEVICE_FAMILY = 4;
				WATCHOS_DEPLOYMENT_TARGET = 3.0;
			};
			name = Debug;
		};
		1634383E1D99BC7E005C133F /* Release */ = {
			isa = XCBuildConfiguration;
			baseConfigurationReference = 785A4E433FFE8D25298A89A6 /* Pods-Operations Access WatchKit App.release.xcconfig */;
			buildSettings = {
				ALWAYS_EMBED_SWIFT_STANDARD_LIBRARIES = "$(inherited)";
				ASSETCATALOG_COMPILER_APPICON_NAME = AppIcon;
				DEVELOPMENT_TEAM = 773798U7P9;
				IBSC_MODULE = Operations_Access_WatchKit_Extension;
				INFOPLIST_FILE = "Operations Access WatchKit App/Info.plist";
				PRODUCT_BUNDLE_IDENTIFIER = "com.energycap.Operations-Access.watchkitapp";
				PRODUCT_NAME = "$(TARGET_NAME)";
				SDKROOT = watchos;
				SKIP_INSTALL = YES;
				SWIFT_VERSION = 3.0;
				TARGETED_DEVICE_FAMILY = 4;
				WATCHOS_DEPLOYMENT_TARGET = 3.0;
			};
			name = Release;
		};
		163438411D99BC7E005C133F /* Debug */ = {
			isa = XCBuildConfiguration;
			baseConfigurationReference = FC728E3E7603C783CA266328 /* Pods-Operations Access.debug.xcconfig */;
			buildSettings = {
				ALWAYS_EMBED_SWIFT_STANDARD_LIBRARIES = "$(inherited)";
				ASSETCATALOG_COMPILER_APPICON_NAME = AppIcon;
				DEVELOPMENT_TEAM = 773798U7P9;
				INFOPLIST_FILE = "Operations Access/Info.plist";
				LD_RUNPATH_SEARCH_PATHS = "$(inherited) @executable_path/Frameworks";
				PRODUCT_BUNDLE_IDENTIFIER = "com.energycap.Operations-Access";
				PRODUCT_NAME = "$(TARGET_NAME)";
				SWIFT_VERSION = 3.0;
			};
			name = Debug;
		};
		163438421D99BC7E005C133F /* Release */ = {
			isa = XCBuildConfiguration;
			baseConfigurationReference = B87CEFD802E85185251C6B5E /* Pods-Operations Access.release.xcconfig */;
			buildSettings = {
				ALWAYS_EMBED_SWIFT_STANDARD_LIBRARIES = "$(inherited)";
				ASSETCATALOG_COMPILER_APPICON_NAME = AppIcon;
				DEVELOPMENT_TEAM = 773798U7P9;
				INFOPLIST_FILE = "Operations Access/Info.plist";
				LD_RUNPATH_SEARCH_PATHS = "$(inherited) @executable_path/Frameworks";
				PRODUCT_BUNDLE_IDENTIFIER = "com.energycap.Operations-Access";
				PRODUCT_NAME = "$(TARGET_NAME)";
				SWIFT_VERSION = 3.0;
			};
			name = Release;
		};
		163438441D99BC7E005C133F /* Debug */ = {
			isa = XCBuildConfiguration;
			baseConfigurationReference = C249F4132D49D29C1D76D4A6 /* Pods-Operations AccessTests.debug.xcconfig */;
			buildSettings = {
				ALWAYS_EMBED_SWIFT_STANDARD_LIBRARIES = "$(inherited)";
				BUNDLE_LOADER = "$(TEST_HOST)";
				DEVELOPMENT_TEAM = 773798U7P9;
				INFOPLIST_FILE = "Operations AccessTests/Info.plist";
				LD_RUNPATH_SEARCH_PATHS = "$(inherited) @executable_path/Frameworks @loader_path/Frameworks";
				PRODUCT_BUNDLE_IDENTIFIER = "com.energycap.Operations-AccessTests";
				PRODUCT_NAME = "$(TARGET_NAME)";
				SWIFT_VERSION = 3.0;
				TEST_HOST = "$(BUILT_PRODUCTS_DIR)/Operations Access.app/Operations Access";
			};
			name = Debug;
		};
		163438451D99BC7E005C133F /* Release */ = {
			isa = XCBuildConfiguration;
			baseConfigurationReference = 32C4EE263A5A50729F965020 /* Pods-Operations AccessTests.release.xcconfig */;
			buildSettings = {
				ALWAYS_EMBED_SWIFT_STANDARD_LIBRARIES = "$(inherited)";
				BUNDLE_LOADER = "$(TEST_HOST)";
				DEVELOPMENT_TEAM = 773798U7P9;
				INFOPLIST_FILE = "Operations AccessTests/Info.plist";
				LD_RUNPATH_SEARCH_PATHS = "$(inherited) @executable_path/Frameworks @loader_path/Frameworks";
				PRODUCT_BUNDLE_IDENTIFIER = "com.energycap.Operations-AccessTests";
				PRODUCT_NAME = "$(TARGET_NAME)";
				SWIFT_VERSION = 3.0;
				TEST_HOST = "$(BUILT_PRODUCTS_DIR)/Operations Access.app/Operations Access";
			};
			name = Release;
		};
		163438471D99BC7E005C133F /* Debug */ = {
			isa = XCBuildConfiguration;
			baseConfigurationReference = DB84E78E4A03060AA5F65D2C /* Pods-Operations AccessUITests.debug.xcconfig */;
			buildSettings = {
				ALWAYS_EMBED_SWIFT_STANDARD_LIBRARIES = "$(inherited)";
				DEVELOPMENT_TEAM = 773798U7P9;
				INFOPLIST_FILE = "Operations AccessUITests/Info.plist";
				LD_RUNPATH_SEARCH_PATHS = "$(inherited) @executable_path/Frameworks @loader_path/Frameworks";
				PRODUCT_BUNDLE_IDENTIFIER = "com.energycap.Operations-AccessUITests";
				PRODUCT_NAME = "$(TARGET_NAME)";
				SWIFT_VERSION = 3.0;
				TEST_TARGET_NAME = "Operations Access";
			};
			name = Debug;
		};
		163438481D99BC7E005C133F /* Release */ = {
			isa = XCBuildConfiguration;
			baseConfigurationReference = B9AB3D102C9397DFD7B4DE16 /* Pods-Operations AccessUITests.release.xcconfig */;
			buildSettings = {
				ALWAYS_EMBED_SWIFT_STANDARD_LIBRARIES = "$(inherited)";
				DEVELOPMENT_TEAM = 773798U7P9;
				INFOPLIST_FILE = "Operations AccessUITests/Info.plist";
				LD_RUNPATH_SEARCH_PATHS = "$(inherited) @executable_path/Frameworks @loader_path/Frameworks";
				PRODUCT_BUNDLE_IDENTIFIER = "com.energycap.Operations-AccessUITests";
				PRODUCT_NAME = "$(TARGET_NAME)";
				SWIFT_VERSION = 3.0;
				TEST_TARGET_NAME = "Operations Access";
			};
			name = Release;
		};
/* End XCBuildConfiguration section */

/* Begin XCConfigurationList section */
		163437EA1D99BC7E005C133F /* Build configuration list for PBXProject "Operations Access" */ = {
			isa = XCConfigurationList;
			buildConfigurations = (
				163438361D99BC7E005C133F /* Debug */,
				163438371D99BC7E005C133F /* Release */,
			);
			defaultConfigurationIsVisible = 0;
			defaultConfigurationName = Release;
		};
		163438381D99BC7E005C133F /* Build configuration list for PBXNativeTarget "Operations Access WatchKit Extension" */ = {
			isa = XCConfigurationList;
			buildConfigurations = (
				163438391D99BC7E005C133F /* Debug */,
				1634383A1D99BC7E005C133F /* Release */,
			);
			defaultConfigurationIsVisible = 0;
			defaultConfigurationName = Release;
		};
		1634383C1D99BC7E005C133F /* Build configuration list for PBXNativeTarget "Operations Access WatchKit App" */ = {
			isa = XCConfigurationList;
			buildConfigurations = (
				1634383D1D99BC7E005C133F /* Debug */,
				1634383E1D99BC7E005C133F /* Release */,
			);
			defaultConfigurationIsVisible = 0;
			defaultConfigurationName = Release;
		};
		163438401D99BC7E005C133F /* Build configuration list for PBXNativeTarget "Operations Access" */ = {
			isa = XCConfigurationList;
			buildConfigurations = (
				163438411D99BC7E005C133F /* Debug */,
				163438421D99BC7E005C133F /* Release */,
			);
			defaultConfigurationIsVisible = 0;
			defaultConfigurationName = Release;
		};
		163438431D99BC7E005C133F /* Build configuration list for PBXNativeTarget "Operations AccessTests" */ = {
			isa = XCConfigurationList;
			buildConfigurations = (
				163438441D99BC7E005C133F /* Debug */,
				163438451D99BC7E005C133F /* Release */,
			);
			defaultConfigurationIsVisible = 0;
			defaultConfigurationName = Release;
		};
		163438461D99BC7E005C133F /* Build configuration list for PBXNativeTarget "Operations AccessUITests" */ = {
			isa = XCConfigurationList;
			buildConfigurations = (
				163438471D99BC7E005C133F /* Debug */,
				163438481D99BC7E005C133F /* Release */,
			);
			defaultConfigurationIsVisible = 0;
			defaultConfigurationName = Release;
		};
/* End XCConfigurationList section */
	};
	rootObject = 163437E71D99BC7E005C133F /* Project object */;
}
